
Microsoft Visual Studio Solution File, Format Version 12.00
# Visual Studio Version 16
VisualStudioVersion = 16.0.31205.134
MinimumVisualStudioVersion = 10.0.40219.1
Project("{9A19103F-16F7-4668-BE54-9A1E7A4F7556}") = "HelloWorld", "HelloWorld\HelloWorld.csproj", "{52B36E48-6096-41AB-8B2D-0305E2655C31}"
EndProject
Project("{9A19103F-16F7-4668-BE54-9A1E7A4F7556}") = "PomodoroTiimer", "PomodoroTiimer\PomodoroTiimer.csproj", "{DCE3785B-6939-4B21-838B-A3EB9AB0CDD4}"
EndProject
Project("{9A19103F-16F7-4668-BE54-9A1E7A4F7556}") = "SlackClone", "SlackClone\SlackClone.csproj", "{1C253066-6D27-485D-97A4-B926C4FFEA93}"
EndProject
Project("{9A19103F-16F7-4668-BE54-9A1E7A4F7556}") = "ShoppingCartStarter.Client", "shopping-cart-blazor-wasm\Client\ShoppingCartStarter.Client.csproj", "{0ABA5EAF-42DA-41AE-9C25-0DD56A46EE74}"
EndProject
Project("{9A19103F-16F7-4668-BE54-9A1E7A4F7556}") = "ShoppingCartStarter.Server", "shopping-cart-blazor-wasm\Server\ShoppingCartStarter.Server.csproj", "{59E4DE40-9135-4328-9092-781E24E5B615}"
EndProject
Project("{9A19103F-16F7-4668-BE54-9A1E7A4F7556}") = "ShoppingCartStarter.Shared", "shopping-cart-blazor-wasm\Shared\ShoppingCartStarter.Shared.csproj", "{D620F08C-E450-4424-88BB-70903F67479F}"
EndProject
Global
	GlobalSection(SolutionConfigurationPlatforms) = preSolution
		Debug|Any CPU = Debug|Any CPU
		Release|Any CPU = Release|Any CPU
	EndGlobalSection
	GlobalSection(ProjectConfigurationPlatforms) = postSolution
		{52B36E48-6096-41AB-8B2D-0305E2655C31}.Debug|Any CPU.ActiveCfg = Debug|Any CPU
		{52B36E48-6096-41AB-8B2D-0305E2655C31}.Debug|Any CPU.Build.0 = Debug|Any CPU
		{52B36E48-6096-41AB-8B2D-0305E2655C31}.Release|Any CPU.ActiveCfg = Release|Any CPU
		{52B36E48-6096-41AB-8B2D-0305E2655C31}.Release|Any CPU.Build.0 = Release|Any CPU
		{DCE3785B-6939-4B21-838B-A3EB9AB0CDD4}.Debug|Any CPU.ActiveCfg = Debug|Any CPU
		{DCE3785B-6939-4B21-838B-A3EB9AB0CDD4}.Debug|Any CPU.Build.0 = Debug|Any CPU
		{DCE3785B-6939-4B21-838B-A3EB9AB0CDD4}.Release|Any CPU.ActiveCfg = Release|Any CPU
		{DCE3785B-6939-4B21-838B-A3EB9AB0CDD4}.Release|Any CPU.Build.0 = Release|Any CPU
		{1C253066-6D27-485D-97A4-B926C4FFEA93}.Debug|Any CPU.ActiveCfg = Debug|Any CPU
		{1C253066-6D27-485D-97A4-B926C4FFEA93}.Debug|Any CPU.Build.0 = Debug|Any CPU
		{1C253066-6D27-485D-97A4-B926C4FFEA93}.Release|Any CPU.ActiveCfg = Release|Any CPU
		{1C253066-6D27-485D-97A4-B926C4FFEA93}.Release|Any CPU.Build.0 = Release|Any CPU
		{0ABA5EAF-42DA-41AE-9C25-0DD56A46EE74}.Debug|Any CPU.ActiveCfg = Debug|Any CPU
		{0ABA5EAF-42DA-41AE-9C25-0DD56A46EE74}.Debug|Any CPU.Build.0 = Debug|Any CPU
		{0ABA5EAF-42DA-41AE-9C25-0DD56A46EE74}.Release|Any CPU.ActiveCfg = Release|Any CPU
		{0ABA5EAF-42DA-41AE-9C25-0DD56A46EE74}.Release|Any CPU.Build.0 = Release|Any CPU
		{59E4DE40-9135-4328-9092-781E24E5B615}.Debug|Any CPU.ActiveCfg = Debug|Any CPU
		{59E4DE40-9135-4328-9092-781E24E5B615}.Debug|Any CPU.Build.0 = Debug|Any CPU
		{59E4DE40-9135-4328-9092-781E24E5B615}.Release|Any CPU.ActiveCfg = Release|Any CPU
		{59E4DE40-9135-4328-9092-781E24E5B615}.Release|Any CPU.Build.0 = Release|Any CPU
		{D620F08C-E450-4424-88BB-70903F67479F}.Debug|Any CPU.ActiveCfg = Debug|Any CPU
		{D620F08C-E450-4424-88BB-70903F67479F}.Debug|Any CPU.Build.0 = Debug|Any CPU
		{D620F08C-E450-4424-88BB-70903F67479F}.Release|Any CPU.ActiveCfg = Release|Any CPU
		{D620F08C-E450-4424-88BB-70903F67479F}.Release|Any CPU.Build.0 = Release|Any CPU
	EndGlobalSection
	GlobalSection(SolutionProperties) = preSolution
		HideSolutionNode = FALSE
	EndGlobalSection
	GlobalSection(ExtensibilityGlobals) = postSolution
		SolutionGuid = {21832957-327E-4D9A-9029-E7D05C8F5B10}
	EndGlobalSection
EndGlobal
